
Microsoft Visual Studio Solution File, Format Version 12.00
# Visual Studio Version 17
VisualStudioVersion = 17.4.33205.214
MinimumVisualStudioVersion = 10.0.40219.1
Project("{9A19103F-16F7-4668-BE54-9A1E7A4F7556}") = "Photocopy.UI", "Photocopy\Photocopy.UI.csproj", "{C1907EA9-A0D9-42F4-BF1D-CE53E5036690}"
EndProject
Project("{9A19103F-16F7-4668-BE54-9A1E7A4F7556}") = "Photocopy.CMS", "Photocopy.CMS\Photocopy.CMS.csproj", "{89AEC4C8-0A1B-446F-B348-D6D9CAF65680}"
EndProject
Project("{9A19103F-16F7-4668-BE54-9A1E7A4F7556}") = "Photocopy.DataAccess", "Photocopy.DataAccess\Photocopy.DataAccess.csproj", "{F1511B4E-81AC-4211-9B97-0E4E5E0BFD60}"
EndProject
Project("{9A19103F-16F7-4668-BE54-9A1E7A4F7556}") = "Photocopy.Entities", "Photocopy.Entities\Photocopy.Entities.csproj", "{88A06C04-C770-4923-8943-B1D9F122EF94}"
EndProject
Project("{9A19103F-16F7-4668-BE54-9A1E7A4F7556}") = "Photocopy.Core", "Photocopy.Core\Photocopy.Core.csproj", "{54DA2CB8-265D-457C-B312-7668DDD9497F}"
EndProject
Project("{9A19103F-16F7-4668-BE54-9A1E7A4F7556}") = "Photocopy.Service", "Photocopy.Service\Photocopy.Service.csproj", "{C8397498-7CA8-4D53-9EAE-CAB163F56A3E}"
EndProject
Project("{9A19103F-16F7-4668-BE54-9A1E7A4F7556}") = "Photocopy.Helper", "Photocopy.Helper\Photocopy.Helper.csproj", "{D8DABA6B-CCE4-4CC5-8830-B19FA17440D6}"
EndProject
Project("{9A19103F-16F7-4668-BE54-9A1E7A4F7556}") = "IPara.DeveloperPortal.Core", "IPara.DeveloperPortal.Core\IPara.DeveloperPortal.Core.csproj", "{EBDB4B36-DDCD-4D77-BFC6-6DEE2F66CFB5}"
EndProject
Global
	GlobalSection(SolutionConfigurationPlatforms) = preSolution
		Debug|Any CPU = Debug|Any CPU
		Release|Any CPU = Release|Any CPU
	EndGlobalSection
	GlobalSection(ProjectConfigurationPlatforms) = postSolution
		{C1907EA9-A0D9-42F4-BF1D-CE53E5036690}.Debug|Any CPU.ActiveCfg = Debug|Any CPU
		{C1907EA9-A0D9-42F4-BF1D-CE53E5036690}.Debug|Any CPU.Build.0 = Debug|Any CPU
		{C1907EA9-A0D9-42F4-BF1D-CE53E5036690}.Release|Any CPU.ActiveCfg = Release|Any CPU
		{C1907EA9-A0D9-42F4-BF1D-CE53E5036690}.Release|Any CPU.Build.0 = Release|Any CPU
		{89AEC4C8-0A1B-446F-B348-D6D9CAF65680}.Debug|Any CPU.ActiveCfg = Debug|Any CPU
		{89AEC4C8-0A1B-446F-B348-D6D9CAF65680}.Debug|Any CPU.Build.0 = Debug|Any CPU
		{89AEC4C8-0A1B-446F-B348-D6D9CAF65680}.Release|Any CPU.ActiveCfg = Release|Any CPU
		{89AEC4C8-0A1B-446F-B348-D6D9CAF65680}.Release|Any CPU.Build.0 = Release|Any CPU
		{F1511B4E-81AC-4211-9B97-0E4E5E0BFD60}.Debug|Any CPU.ActiveCfg = Debug|Any CPU
		{F1511B4E-81AC-4211-9B97-0E4E5E0BFD60}.Debug|Any CPU.Build.0 = Debug|Any CPU
		{F1511B4E-81AC-4211-9B97-0E4E5E0BFD60}.Release|Any CPU.ActiveCfg = Release|Any CPU
		{F1511B4E-81AC-4211-9B97-0E4E5E0BFD60}.Release|Any CPU.Build.0 = Release|Any CPU
		{88A06C04-C770-4923-8943-B1D9F122EF94}.Debug|Any CPU.ActiveCfg = Debug|Any CPU
		{88A06C04-C770-4923-8943-B1D9F122EF94}.Debug|Any CPU.Build.0 = Debug|Any CPU
		{88A06C04-C770-4923-8943-B1D9F122EF94}.Release|Any CPU.ActiveCfg = Release|Any CPU
		{88A06C04-C770-4923-8943-B1D9F122EF94}.Release|Any CPU.Build.0 = Release|Any CPU
		{54DA2CB8-265D-457C-B312-7668DDD9497F}.Debug|Any CPU.ActiveCfg = Debug|Any CPU
		{54DA2CB8-265D-457C-B312-7668DDD9497F}.Debug|Any CPU.Build.0 = Debug|Any CPU
		{54DA2CB8-265D-457C-B312-7668DDD9497F}.Release|Any CPU.ActiveCfg = Release|Any CPU
		{54DA2CB8-265D-457C-B312-7668DDD9497F}.Release|Any CPU.Build.0 = Release|Any CPU
		{C8397498-7CA8-4D53-9EAE-CAB163F56A3E}.Debug|Any CPU.ActiveCfg = Debug|Any CPU
		{C8397498-7CA8-4D53-9EAE-CAB163F56A3E}.Debug|Any CPU.Build.0 = Debug|Any CPU
		{C8397498-7CA8-4D53-9EAE-CAB163F56A3E}.Release|Any CPU.ActiveCfg = Release|Any CPU
		{C8397498-7CA8-4D53-9EAE-CAB163F56A3E}.Release|Any CPU.Build.0 = Release|Any CPU
		{D8DABA6B-CCE4-4CC5-8830-B19FA17440D6}.Debug|Any CPU.ActiveCfg = Debug|Any CPU
		{D8DABA6B-CCE4-4CC5-8830-B19FA17440D6}.Debug|Any CPU.Build.0 = Debug|Any CPU
		{D8DABA6B-CCE4-4CC5-8830-B19FA17440D6}.Release|Any CPU.ActiveCfg = Release|Any CPU
		{D8DABA6B-CCE4-4CC5-8830-B19FA17440D6}.Release|Any CPU.Build.0 = Release|Any CPU
		{EBDB4B36-DDCD-4D77-BFC6-6DEE2F66CFB5}.Debug|Any CPU.ActiveCfg = Debug|Any CPU
		{EBDB4B36-DDCD-4D77-BFC6-6DEE2F66CFB5}.Debug|Any CPU.Build.0 = Debug|Any CPU
		{EBDB4B36-DDCD-4D77-BFC6-6DEE2F66CFB5}.Release|Any CPU.ActiveCfg = Release|Any CPU
		{EBDB4B36-DDCD-4D77-BFC6-6DEE2F66CFB5}.Release|Any CPU.Build.0 = Release|Any CPU
	EndGlobalSection
	GlobalSection(SolutionProperties) = preSolution
		HideSolutionNode = FALSE
	EndGlobalSection
	GlobalSection(ExtensibilityGlobals) = postSolution
		SolutionGuid = {EBE05D66-BE91-47BA-9B40-C1577566DB42}
	EndGlobalSection
EndGlobal
